// !$*UTF8*$!
{
	archiveVersion = 1;
	classes = {
	};
	objectVersion = 50;
	objects = {

/* Begin PBXBuildFile section */
		DE4637AF3FF6F637A553408F /* Pods_grocery_go.framework in Frameworks */ = {isa = PBXBuildFile; fileRef = 82E9F2CFA41A532A95CDC3EB /* Pods_grocery_go.framework */; };
		FCA16929243D28E600163D14 /* AppDelegate.swift in Sources */ = {isa = PBXBuildFile; fileRef = FCA16928243D28E600163D14 /* AppDelegate.swift */; };
		FCA1692B243D28E600163D14 /* ViewController.swift in Sources */ = {isa = PBXBuildFile; fileRef = FCA1692A243D28E600163D14 /* ViewController.swift */; };
		FCA1692E243D28E600163D14 /* Main.storyboard in Resources */ = {isa = PBXBuildFile; fileRef = FCA1692C243D28E600163D14 /* Main.storyboard */; };
		FCA16930243D28E800163D14 /* Assets.xcassets in Resources */ = {isa = PBXBuildFile; fileRef = FCA1692F243D28E800163D14 /* Assets.xcassets */; };
		FCA16933243D28E800163D14 /* LaunchScreen.storyboard in Resources */ = {isa = PBXBuildFile; fileRef = FCA16931243D28E800163D14 /* LaunchScreen.storyboard */; };
		FCA1693E243D28E800163D14 /* grocery_goTests.swift in Sources */ = {isa = PBXBuildFile; fileRef = FCA1693D243D28E800163D14 /* grocery_goTests.swift */; };
		FCA16949243D28E800163D14 /* grocery_goUITests.swift in Sources */ = {isa = PBXBuildFile; fileRef = FCA16948243D28E800163D14 /* grocery_goUITests.swift */; };
		FCA16959243D2D5A00163D14 /* GoogleService-Info.plist in Resources */ = {isa = PBXBuildFile; fileRef = FCA16958243D2D5A00163D14 /* GoogleService-Info.plist */; };
		FCA16960243D4C5F00163D14 /* signUpViewController.swift in Sources */ = {isa = PBXBuildFile; fileRef = FCA1695F243D4C5F00163D14 /* signUpViewController.swift */; };
		FCA16962243D4C6F00163D14 /* signInViewController.swift in Sources */ = {isa = PBXBuildFile; fileRef = FCA16961243D4C6F00163D14 /* signInViewController.swift */; };
		FCA16964243D4C7F00163D14 /* homeViewController.swift in Sources */ = {isa = PBXBuildFile; fileRef = FCA16963243D4C7F00163D14 /* homeViewController.swift */; };
		FCA16966243D4EFC00163D14 /* global.swift in Sources */ = {isa = PBXBuildFile; fileRef = FCA16965243D4EFC00163D14 /* global.swift */; };
		FCA16968243D4F6100163D14 /* postViewController.swift in Sources */ = {isa = PBXBuildFile; fileRef = FCA16967243D4F6100163D14 /* postViewController.swift */; };
		FCA1696A243D4F6A00163D14 /* createNewViewController.swift in Sources */ = {isa = PBXBuildFile; fileRef = FCA16969243D4F6A00163D14 /* createNewViewController.swift */; };
		FCA1696C243D4F7700163D14 /* addPhotosViewController.swift in Sources */ = {isa = PBXBuildFile; fileRef = FCA1696B243D4F7600163D14 /* addPhotosViewController.swift */; };
		FCA1696E243D4F7E00163D14 /* chooseStoreViewController.swift in Sources */ = {isa = PBXBuildFile; fileRef = FCA1696D243D4F7E00163D14 /* chooseStoreViewController.swift */; };
		FCA16970243D4FEF00163D14 /* settingViewController.swift in Sources */ = {isa = PBXBuildFile; fileRef = FCA1696F243D4FEF00163D14 /* settingViewController.swift */; };
		FCA6702F2442AAB60097BDDB /* yourPost.swift in Sources */ = {isa = PBXBuildFile; fileRef = FCA6702E2442AAB60097BDDB /* yourPost.swift */; };
/* End PBXBuildFile section */

/* Begin PBXContainerItemProxy section */
		FCA1693A243D28E800163D14 /* PBXContainerItemProxy */ = {
			isa = PBXContainerItemProxy;
			containerPortal = FCA1691D243D28E600163D14 /* Project object */;
			proxyType = 1;
			remoteGlobalIDString = FCA16924243D28E600163D14;
			remoteInfo = "grocery-go";
		};
		FCA16945243D28E800163D14 /* PBXContainerItemProxy */ = {
			isa = PBXContainerItemProxy;
			containerPortal = FCA1691D243D28E600163D14 /* Project object */;
			proxyType = 1;
			remoteGlobalIDString = FCA16924243D28E600163D14;
			remoteInfo = "grocery-go";
		};
/* End PBXContainerItemProxy section */

/* Begin PBXFileReference section */
		82E9F2CFA41A532A95CDC3EB /* Pods_grocery_go.framework */ = {isa = PBXFileReference; explicitFileType = wrapper.framework; includeInIndex = 0; path = Pods_grocery_go.framework; sourceTree = BUILT_PRODUCTS_DIR; };
		B233B6B0979A6EE3A5D309D0 /* Pods-grocery-go.debug.xcconfig */ = {isa = PBXFileReference; includeInIndex = 1; lastKnownFileType = text.xcconfig; name = "Pods-grocery-go.debug.xcconfig"; path = "Target Support Files/Pods-grocery-go/Pods-grocery-go.debug.xcconfig"; sourceTree = "<group>"; };
		EE312A92EEF0803D40F1E470 /* Pods-grocery-go.release.xcconfig */ = {isa = PBXFileReference; includeInIndex = 1; lastKnownFileType = text.xcconfig; name = "Pods-grocery-go.release.xcconfig"; path = "Target Support Files/Pods-grocery-go/Pods-grocery-go.release.xcconfig"; sourceTree = "<group>"; };
		FCA16925243D28E600163D14 /* grocery-go.app */ = {isa = PBXFileReference; explicitFileType = wrapper.application; includeInIndex = 0; path = "grocery-go.app"; sourceTree = BUILT_PRODUCTS_DIR; };
		FCA16928243D28E600163D14 /* AppDelegate.swift */ = {isa = PBXFileReference; lastKnownFileType = sourcecode.swift; path = AppDelegate.swift; sourceTree = "<group>"; };
		FCA1692A243D28E600163D14 /* ViewController.swift */ = {isa = PBXFileReference; lastKnownFileType = sourcecode.swift; path = ViewController.swift; sourceTree = "<group>"; };
		FCA1692D243D28E600163D14 /* Base */ = {isa = PBXFileReference; lastKnownFileType = file.storyboard; name = Base; path = Base.lproj/Main.storyboard; sourceTree = "<group>"; };
		FCA1692F243D28E800163D14 /* Assets.xcassets */ = {isa = PBXFileReference; lastKnownFileType = folder.assetcatalog; path = Assets.xcassets; sourceTree = "<group>"; };
		FCA16932243D28E800163D14 /* Base */ = {isa = PBXFileReference; lastKnownFileType = file.storyboard; name = Base; path = Base.lproj/LaunchScreen.storyboard; sourceTree = "<group>"; };
		FCA16934243D28E800163D14 /* Info.plist */ = {isa = PBXFileReference; lastKnownFileType = text.plist.xml; path = Info.plist; sourceTree = "<group>"; };
		FCA16939243D28E800163D14 /* grocery-goTests.xctest */ = {isa = PBXFileReference; explicitFileType = wrapper.cfbundle; includeInIndex = 0; path = "grocery-goTests.xctest"; sourceTree = BUILT_PRODUCTS_DIR; };
		FCA1693D243D28E800163D14 /* grocery_goTests.swift */ = {isa = PBXFileReference; lastKnownFileType = sourcecode.swift; path = grocery_goTests.swift; sourceTree = "<group>"; };
		FCA1693F243D28E800163D14 /* Info.plist */ = {isa = PBXFileReference; lastKnownFileType = text.plist.xml; path = Info.plist; sourceTree = "<group>"; };
		FCA16944243D28E800163D14 /* grocery-goUITests.xctest */ = {isa = PBXFileReference; explicitFileType = wrapper.cfbundle; includeInIndex = 0; path = "grocery-goUITests.xctest"; sourceTree = BUILT_PRODUCTS_DIR; };
		FCA16948243D28E800163D14 /* grocery_goUITests.swift */ = {isa = PBXFileReference; lastKnownFileType = sourcecode.swift; path = grocery_goUITests.swift; sourceTree = "<group>"; };
		FCA1694A243D28E800163D14 /* Info.plist */ = {isa = PBXFileReference; lastKnownFileType = text.plist.xml; path = Info.plist; sourceTree = "<group>"; };
		FCA16958243D2D5A00163D14 /* GoogleService-Info.plist */ = {isa = PBXFileReference; fileEncoding = 4; lastKnownFileType = text.plist.xml; path = "GoogleService-Info.plist"; sourceTree = "<group>"; };
		FCA1695F243D4C5F00163D14 /* signUpViewController.swift */ = {isa = PBXFileReference; fileEncoding = 4; lastKnownFileType = sourcecode.swift; path = signUpViewController.swift; sourceTree = "<group>"; };
		FCA16961243D4C6F00163D14 /* signInViewController.swift */ = {isa = PBXFileReference; fileEncoding = 4; lastKnownFileType = sourcecode.swift; path = signInViewController.swift; sourceTree = "<group>"; };
		FCA16963243D4C7F00163D14 /* homeViewController.swift */ = {isa = PBXFileReference; fileEncoding = 4; lastKnownFileType = sourcecode.swift; path = homeViewController.swift; sourceTree = "<group>"; };
		FCA16965243D4EFC00163D14 /* global.swift */ = {isa = PBXFileReference; fileEncoding = 4; lastKnownFileType = sourcecode.swift; path = global.swift; sourceTree = "<group>"; };
		FCA16967243D4F6100163D14 /* postViewController.swift */ = {isa = PBXFileReference; fileEncoding = 4; lastKnownFileType = sourcecode.swift; path = postViewController.swift; sourceTree = "<group>"; };
		FCA16969243D4F6A00163D14 /* createNewViewController.swift */ = {isa = PBXFileReference; fileEncoding = 4; lastKnownFileType = sourcecode.swift; path = createNewViewController.swift; sourceTree = "<group>"; };
		FCA1696B243D4F7600163D14 /* addPhotosViewController.swift */ = {isa = PBXFileReference; fileEncoding = 4; lastKnownFileType = sourcecode.swift; path = addPhotosViewController.swift; sourceTree = "<group>"; };
		FCA1696D243D4F7E00163D14 /* chooseStoreViewController.swift */ = {isa = PBXFileReference; fileEncoding = 4; lastKnownFileType = sourcecode.swift; path = chooseStoreViewController.swift; sourceTree = "<group>"; };
		FCA1696F243D4FEF00163D14 /* settingViewController.swift */ = {isa = PBXFileReference; fileEncoding = 4; lastKnownFileType = sourcecode.swift; path = settingViewController.swift; sourceTree = "<group>"; };
		FCA6702E2442AAB60097BDDB /* yourPost.swift */ = {isa = PBXFileReference; lastKnownFileType = sourcecode.swift; path = yourPost.swift; sourceTree = "<group>"; };
/* End PBXFileReference section */

/* Begin PBXFrameworksBuildPhase section */
		FCA16922243D28E600163D14 /* Frameworks */ = {
			isa = PBXFrameworksBuildPhase;
			buildActionMask = 2147483647;
			files = (
				DE4637AF3FF6F637A553408F /* Pods_grocery_go.framework in Frameworks */,
			);
			runOnlyForDeploymentPostprocessing = 0;
		};
		FCA16936243D28E800163D14 /* Frameworks */ = {
			isa = PBXFrameworksBuildPhase;
			buildActionMask = 2147483647;
			files = (
			);
			runOnlyForDeploymentPostprocessing = 0;
		};
		FCA16941243D28E800163D14 /* Frameworks */ = {
			isa = PBXFrameworksBuildPhase;
			buildActionMask = 2147483647;
			files = (
			);
			runOnlyForDeploymentPostprocessing = 0;
		};
/* End PBXFrameworksBuildPhase section */

/* Begin PBXGroup section */
		CABDD949A180207CF5474EBA /* Pods */ = {
			isa = PBXGroup;
			children = (
				B233B6B0979A6EE3A5D309D0 /* Pods-grocery-go.debug.xcconfig */,
				EE312A92EEF0803D40F1E470 /* Pods-grocery-go.release.xcconfig */,
			);
			path = Pods;
			sourceTree = "<group>";
		};
		DC71904CC48E1F5C9C9E39CF /* Frameworks */ = {
			isa = PBXGroup;
			children = (
				82E9F2CFA41A532A95CDC3EB /* Pods_grocery_go.framework */,
			);
			name = Frameworks;
			sourceTree = "<group>";
		};
		FCA1691C243D28E600163D14 = {
			isa = PBXGroup;
			children = (
				FCA16927243D28E600163D14 /* grocery-go */,
				FCA1693C243D28E800163D14 /* grocery-goTests */,
				FCA16947243D28E800163D14 /* grocery-goUITests */,
				FCA16926243D28E600163D14 /* Products */,
				CABDD949A180207CF5474EBA /* Pods */,
				DC71904CC48E1F5C9C9E39CF /* Frameworks */,
			);
			sourceTree = "<group>";
		};
		FCA16926243D28E600163D14 /* Products */ = {
			isa = PBXGroup;
			children = (
				FCA16925243D28E600163D14 /* grocery-go.app */,
				FCA16939243D28E800163D14 /* grocery-goTests.xctest */,
				FCA16944243D28E800163D14 /* grocery-goUITests.xctest */,
			);
			name = Products;
			sourceTree = "<group>";
		};
		FCA16927243D28E600163D14 /* grocery-go */ = {
			isa = PBXGroup;
			children = (
				FCA16928243D28E600163D14 /* AppDelegate.swift */,
				FCA1695A243D4BCA00163D14 /* Credentials */,
				FCA1695B243D4BFC00163D14 /* Home */,
				FCA1695C243D4C0D00163D14 /* Post */,
				FCA1695D243D4C1E00163D14 /* Messages */,
				FCA1695E243D4C2F00163D14 /* Settings */,
				FCA1692C243D28E600163D14 /* Main.storyboard */,
				FCA16965243D4EFC00163D14 /* global.swift */,
				FCA6702E2442AAB60097BDDB /* yourPost.swift */,
				FCA1692F243D28E800163D14 /* Assets.xcassets */,
				FCA16931243D28E800163D14 /* LaunchScreen.storyboard */,
				FCA16934243D28E800163D14 /* Info.plist */,
				FCA16958243D2D5A00163D14 /* GoogleService-Info.plist */,
			);
			path = "grocery-go";
			sourceTree = "<group>";
		};
		FCA1693C243D28E800163D14 /* grocery-goTests */ = {
			isa = PBXGroup;
			children = (
				FCA1693D243D28E800163D14 /* grocery_goTests.swift */,
				FCA1693F243D28E800163D14 /* Info.plist */,
			);
			path = "grocery-goTests";
			sourceTree = "<group>";
		};
		FCA16947243D28E800163D14 /* grocery-goUITests */ = {
			isa = PBXGroup;
			children = (
				FCA16948243D28E800163D14 /* grocery_goUITests.swift */,
				FCA1694A243D28E800163D14 /* Info.plist */,
			);
			path = "grocery-goUITests";
			sourceTree = "<group>";
		};
		FCA1695A243D4BCA00163D14 /* Credentials */ = {
			isa = PBXGroup;
			children = (
				FCA1692A243D28E600163D14 /* ViewController.swift */,
				FCA1695F243D4C5F00163D14 /* signUpViewController.swift */,
				FCA16961243D4C6F00163D14 /* signInViewController.swift */,
			);
			path = Credentials;
			sourceTree = "<group>";
		};
		FCA1695B243D4BFC00163D14 /* Home */ = {
			isa = PBXGroup;
			children = (
				FCA16963243D4C7F00163D14 /* homeViewController.swift */,
			);
			path = Home;
			sourceTree = "<group>";
		};
		FCA1695C243D4C0D00163D14 /* Post */ = {
			isa = PBXGroup;
			children = (
				FCA16967243D4F6100163D14 /* postViewController.swift */,
				FCA16969243D4F6A00163D14 /* createNewViewController.swift */,
				FCA1696B243D4F7600163D14 /* addPhotosViewController.swift */,
				FCA1696D243D4F7E00163D14 /* chooseStoreViewController.swift */,
			);
			path = Post;
			sourceTree = "<group>";
		};
		FCA1695D243D4C1E00163D14 /* Messages */ = {
			isa = PBXGroup;
			children = (
			);
			path = Messages;
			sourceTree = "<group>";
		};
		FCA1695E243D4C2F00163D14 /* Settings */ = {
			isa = PBXGroup;
			children = (
				FCA1696F243D4FEF00163D14 /* settingViewController.swift */,
			);
			path = Settings;
			sourceTree = "<group>";
		};
/* End PBXGroup section */

/* Begin PBXNativeTarget section */
		FCA16924243D28E600163D14 /* grocery-go */ = {
			isa = PBXNativeTarget;
			buildConfigurationList = FCA1694D243D28E800163D14 /* Build configuration list for PBXNativeTarget "grocery-go" */;
			buildPhases = (
				7C1949C2579C720180657F76 /* [CP] Check Pods Manifest.lock */,
				FCA16921243D28E600163D14 /* Sources */,
				FCA16922243D28E600163D14 /* Frameworks */,
				FCA16923243D28E600163D14 /* Resources */,
				20E9FA9E0ACCE5D500167B51 /* [CP] Embed Pods Frameworks */,
			);
			buildRules = (
			);
			dependencies = (
			);
			name = "grocery-go";
			productName = "grocery-go";
			productReference = FCA16925243D28E600163D14 /* grocery-go.app */;
			productType = "com.apple.product-type.application";
		};
		FCA16938243D28E800163D14 /* grocery-goTests */ = {
			isa = PBXNativeTarget;
			buildConfigurationList = FCA16950243D28E800163D14 /* Build configuration list for PBXNativeTarget "grocery-goTests" */;
			buildPhases = (
				FCA16935243D28E800163D14 /* Sources */,
				FCA16936243D28E800163D14 /* Frameworks */,
				FCA16937243D28E800163D14 /* Resources */,
			);
			buildRules = (
			);
			dependencies = (
				FCA1693B243D28E800163D14 /* PBXTargetDependency */,
			);
			name = "grocery-goTests";
			productName = "grocery-goTests";
			productReference = FCA16939243D28E800163D14 /* grocery-goTests.xctest */;
			productType = "com.apple.product-type.bundle.unit-test";
		};
		FCA16943243D28E800163D14 /* grocery-goUITests */ = {
			isa = PBXNativeTarget;
			buildConfigurationList = FCA16953243D28E800163D14 /* Build configuration list for PBXNativeTarget "grocery-goUITests" */;
			buildPhases = (
				FCA16940243D28E800163D14 /* Sources */,
				FCA16941243D28E800163D14 /* Frameworks */,
				FCA16942243D28E800163D14 /* Resources */,
			);
			buildRules = (
			);
			dependencies = (
				FCA16946243D28E800163D14 /* PBXTargetDependency */,
			);
			name = "grocery-goUITests";
			productName = "grocery-goUITests";
			productReference = FCA16944243D28E800163D14 /* grocery-goUITests.xctest */;
			productType = "com.apple.product-type.bundle.ui-testing";
		};
/* End PBXNativeTarget section */

/* Begin PBXProject section */
		FCA1691D243D28E600163D14 /* Project object */ = {
			isa = PBXProject;
			attributes = {
				LastSwiftUpdateCheck = 1010;
				LastUpgradeCheck = 1010;
				ORGANIZATIONNAME = "Basil Arif";
				TargetAttributes = {
					FCA16924243D28E600163D14 = {
						CreatedOnToolsVersion = 10.1;
					};
					FCA16938243D28E800163D14 = {
						CreatedOnToolsVersion = 10.1;
						TestTargetID = FCA16924243D28E600163D14;
					};
					FCA16943243D28E800163D14 = {
						CreatedOnToolsVersion = 10.1;
						TestTargetID = FCA16924243D28E600163D14;
					};
				};
			};
			buildConfigurationList = FCA16920243D28E600163D14 /* Build configuration list for PBXProject "grocery-go" */;
			compatibilityVersion = "Xcode 9.3";
			developmentRegion = en;
			hasScannedForEncodings = 0;
			knownRegions = (
				en,
				Base,
			);
			mainGroup = FCA1691C243D28E600163D14;
			productRefGroup = FCA16926243D28E600163D14 /* Products */;
			projectDirPath = "";
			projectRoot = "";
			targets = (
				FCA16924243D28E600163D14 /* grocery-go */,
				FCA16938243D28E800163D14 /* grocery-goTests */,
				FCA16943243D28E800163D14 /* grocery-goUITests */,
			);
		};
/* End PBXProject section */

/* Begin PBXResourcesBuildPhase section */
		FCA16923243D28E600163D14 /* Resources */ = {
			isa = PBXResourcesBuildPhase;
			buildActionMask = 2147483647;
			files = (
				FCA16959243D2D5A00163D14 /* GoogleService-Info.plist in Resources */,
				FCA16933243D28E800163D14 /* LaunchScreen.storyboard in Resources */,
				FCA16930243D28E800163D14 /* Assets.xcassets in Resources */,
				FCA1692E243D28E600163D14 /* Main.storyboard in Resources */,
			);
			runOnlyForDeploymentPostprocessing = 0;
		};
		FCA16937243D28E800163D14 /* Resources */ = {
			isa = PBXResourcesBuildPhase;
			buildActionMask = 2147483647;
			files = (
			);
			runOnlyForDeploymentPostprocessing = 0;
		};
		FCA16942243D28E800163D14 /* Resources */ = {
			isa = PBXResourcesBuildPhase;
			buildActionMask = 2147483647;
			files = (
			);
			runOnlyForDeploymentPostprocessing = 0;
		};
/* End PBXResourcesBuildPhase section */

/* Begin PBXShellScriptBuildPhase section */
		20E9FA9E0ACCE5D500167B51 /* [CP] Embed Pods Frameworks */ = {
			isa = PBXShellScriptBuildPhase;
			buildActionMask = 2147483647;
			files = (
			);
			inputFileListPaths = (
			);
			inputPaths = (
				"${PODS_ROOT}/Target Support Files/Pods-grocery-go/Pods-grocery-go-frameworks.sh",
				"${BUILT_PRODUCTS_DIR}/Alamofire/Alamofire.framework",
				"${BUILT_PRODUCTS_DIR}/BoringSSL-GRPC/openssl_grpc.framework",
				"${BUILT_PRODUCTS_DIR}/GTMSessionFetcher/GTMSessionFetcher.framework",
				"${BUILT_PRODUCTS_DIR}/GoogleUtilities/GoogleUtilities.framework",
				"${BUILT_PRODUCTS_DIR}/PromisesObjC/FBLPromises.framework",
				"${BUILT_PRODUCTS_DIR}/Protobuf/protobuf.framework",
				"${BUILT_PRODUCTS_DIR}/abseil/absl.framework",
				"${BUILT_PRODUCTS_DIR}/gRPC-C++/grpcpp.framework",
				"${BUILT_PRODUCTS_DIR}/gRPC-Core/grpc.framework",
				"${BUILT_PRODUCTS_DIR}/leveldb-library/leveldb.framework",
				"${BUILT_PRODUCTS_DIR}/nanopb/nanopb.framework",
			);
			name = "[CP] Embed Pods Frameworks";
			outputFileListPaths = (
			);
			outputPaths = (
				"${TARGET_BUILD_DIR}/${FRAMEWORKS_FOLDER_PATH}/Alamofire.framework",
				"${TARGET_BUILD_DIR}/${FRAMEWORKS_FOLDER_PATH}/openssl_grpc.framework",
				"${TARGET_BUILD_DIR}/${FRAMEWORKS_FOLDER_PATH}/GTMSessionFetcher.framework",
				"${TARGET_BUILD_DIR}/${FRAMEWORKS_FOLDER_PATH}/GoogleUtilities.framework",
				"${TARGET_BUILD_DIR}/${FRAMEWORKS_FOLDER_PATH}/FBLPromises.framework",
				"${TARGET_BUILD_DIR}/${FRAMEWORKS_FOLDER_PATH}/protobuf.framework",
				"${TARGET_BUILD_DIR}/${FRAMEWORKS_FOLDER_PATH}/absl.framework",
				"${TARGET_BUILD_DIR}/${FRAMEWORKS_FOLDER_PATH}/grpcpp.framework",
				"${TARGET_BUILD_DIR}/${FRAMEWORKS_FOLDER_PATH}/grpc.framework",
				"${TARGET_BUILD_DIR}/${FRAMEWORKS_FOLDER_PATH}/leveldb.framework",
				"${TARGET_BUILD_DIR}/${FRAMEWORKS_FOLDER_PATH}/nanopb.framework",
			);
			runOnlyForDeploymentPostprocessing = 0;
			shellPath = /bin/sh;
			shellScript = "\"${PODS_ROOT}/Target Support Files/Pods-grocery-go/Pods-grocery-go-frameworks.sh\"\n";
			showEnvVarsInLog = 0;
		};
		7C1949C2579C720180657F76 /* [CP] Check Pods Manifest.lock */ = {
			isa = PBXShellScriptBuildPhase;
			buildActionMask = 2147483647;
			files = (
			);
			inputFileListPaths = (
			);
			inputPaths = (
				"${PODS_PODFILE_DIR_PATH}/Podfile.lock",
				"${PODS_ROOT}/Manifest.lock",
			);
			name = "[CP] Check Pods Manifest.lock";
			outputFileListPaths = (
			);
			outputPaths = (
				"$(DERIVED_FILE_DIR)/Pods-grocery-go-checkManifestLockResult.txt",
			);
			runOnlyForDeploymentPostprocessing = 0;
			shellPath = /bin/sh;
			shellScript = "diff \"${PODS_PODFILE_DIR_PATH}/Podfile.lock\" \"${PODS_ROOT}/Manifest.lock\" > /dev/null\nif [ $? != 0 ] ; then\n    # print error to STDERR\n    echo \"error: The sandbox is not in sync with the Podfile.lock. Run 'pod install' or update your CocoaPods installation.\" >&2\n    exit 1\nfi\n# This output is used by Xcode 'outputs' to avoid re-running this script phase.\necho \"SUCCESS\" > \"${SCRIPT_OUTPUT_FILE_0}\"\n";
			showEnvVarsInLog = 0;
		};
/* End PBXShellScriptBuildPhase section */

/* Begin PBXSourcesBuildPhase section */
		FCA16921243D28E600163D14 /* Sources */ = {
			isa = PBXSourcesBuildPhase;
			buildActionMask = 2147483647;
			files = (
				FCA1696C243D4F7700163D14 /* addPhotosViewController.swift in Sources */,
				FCA16966243D4EFC00163D14 /* global.swift in Sources */,
				FCA16962243D4C6F00163D14 /* signInViewController.swift in Sources */,
				FCA1692B243D28E600163D14 /* ViewController.swift in Sources */,
				FCA16929243D28E600163D14 /* AppDelegate.swift in Sources */,
				FCA16968243D4F6100163D14 /* postViewController.swift in Sources */,
				FCA6702F2442AAB60097BDDB /* yourPost.swift in Sources */,
				FCA16970243D4FEF00163D14 /* settingViewController.swift in Sources */,
				FCA1696A243D4F6A00163D14 /* createNewViewController.swift in Sources */,
				FCA1696E243D4F7E00163D14 /* chooseStoreViewController.swift in Sources */,
				FCA16964243D4C7F00163D14 /* homeViewController.swift in Sources */,
				FCA16960243D4C5F00163D14 /* signUpViewController.swift in Sources */,
			);
			runOnlyForDeploymentPostprocessing = 0;
		};
		FCA16935243D28E800163D14 /* Sources */ = {
			isa = PBXSourcesBuildPhase;
			buildActionMask = 2147483647;
			files = (
				FCA1693E243D28E800163D14 /* grocery_goTests.swift in Sources */,
			);
			runOnlyForDeploymentPostprocessing = 0;
		};
		FCA16940243D28E800163D14 /* Sources */ = {
			isa = PBXSourcesBuildPhase;
			buildActionMask = 2147483647;
			files = (
				FCA16949243D28E800163D14 /* grocery_goUITests.swift in Sources */,
			);
			runOnlyForDeploymentPostprocessing = 0;
		};
/* End PBXSourcesBuildPhase section */

/* Begin PBXTargetDependency section */
		FCA1693B243D28E800163D14 /* PBXTargetDependency */ = {
			isa = PBXTargetDependency;
			target = FCA16924243D28E600163D14 /* grocery-go */;
			targetProxy = FCA1693A243D28E800163D14 /* PBXContainerItemProxy */;
		};
		FCA16946243D28E800163D14 /* PBXTargetDependency */ = {
			isa = PBXTargetDependency;
			target = FCA16924243D28E600163D14 /* grocery-go */;
			targetProxy = FCA16945243D28E800163D14 /* PBXContainerItemProxy */;
		};
/* End PBXTargetDependency section */

/* Begin PBXVariantGroup section */
		FCA1692C243D28E600163D14 /* Main.storyboard */ = {
			isa = PBXVariantGroup;
			children = (
				FCA1692D243D28E600163D14 /* Base */,
			);
			name = Main.storyboard;
			sourceTree = "<group>";
		};
		FCA16931243D28E800163D14 /* LaunchScreen.storyboard */ = {
			isa = PBXVariantGroup;
			children = (
				FCA16932243D28E800163D14 /* Base */,
			);
			name = LaunchScreen.storyboard;
			sourceTree = "<group>";
		};
/* End PBXVariantGroup section */

/* Begin XCBuildConfiguration section */
		FCA1694B243D28E800163D14 /* Debug */ = {
			isa = XCBuildConfiguration;
			buildSettings = {
				ALWAYS_SEARCH_USER_PATHS = NO;
				CLANG_ANALYZER_NONNULL = YES;
				CLANG_ANALYZER_NUMBER_OBJECT_CONVERSION = YES_AGGRESSIVE;
				CLANG_CXX_LANGUAGE_STANDARD = "gnu++14";
				CLANG_CXX_LIBRARY = "libc++";
				CLANG_ENABLE_MODULES = YES;
				CLANG_ENABLE_OBJC_ARC = YES;
				CLANG_ENABLE_OBJC_WEAK = YES;
				CLANG_WARN_BLOCK_CAPTURE_AUTORELEASING = YES;
				CLANG_WARN_BOOL_CONVERSION = YES;
				CLANG_WARN_COMMA = YES;
				CLANG_WARN_CONSTANT_CONVERSION = YES;
				CLANG_WARN_DEPRECATED_OBJC_IMPLEMENTATIONS = YES;
				CLANG_WARN_DIRECT_OBJC_ISA_USAGE = YES_ERROR;
				CLANG_WARN_DOCUMENTATION_COMMENTS = YES;
				CLANG_WARN_EMPTY_BODY = YES;
				CLANG_WARN_ENUM_CONVERSION = YES;
				CLANG_WARN_INFINITE_RECURSION = YES;
				CLANG_WARN_INT_CONVERSION = YES;
				CLANG_WARN_NON_LITERAL_NULL_CONVERSION = YES;
				CLANG_WARN_OBJC_IMPLICIT_RETAIN_SELF = YES;
				CLANG_WARN_OBJC_LITERAL_CONVERSION = YES;
				CLANG_WARN_OBJC_ROOT_CLASS = YES_ERROR;
				CLANG_WARN_RANGE_LOOP_ANALYSIS = YES;
				CLANG_WARN_STRICT_PROTOTYPES = YES;
				CLANG_WARN_SUSPICIOUS_MOVE = YES;
				CLANG_WARN_UNGUARDED_AVAILABILITY = YES_AGGRESSIVE;
				CLANG_WARN_UNREACHABLE_CODE = YES;
				CLANG_WARN__DUPLICATE_METHOD_MATCH = YES;
				CODE_SIGN_IDENTITY = "iPhone Developer";
				COPY_PHASE_STRIP = NO;
				DEBUG_INFORMATION_FORMAT = dwarf;
				ENABLE_STRICT_OBJC_MSGSEND = YES;
				ENABLE_TESTABILITY = YES;
				GCC_C_LANGUAGE_STANDARD = gnu11;
				GCC_DYNAMIC_NO_PIC = NO;
				GCC_NO_COMMON_BLOCKS = YES;
				GCC_OPTIMIZATION_LEVEL = 0;
				GCC_PREPROCESSOR_DEFINITIONS = (
					"DEBUG=1",
					"$(inherited)",
				);
				GCC_WARN_64_TO_32_BIT_CONVERSION = YES;
				GCC_WARN_ABOUT_RETURN_TYPE = YES_ERROR;
				GCC_WARN_UNDECLARED_SELECTOR = YES;
				GCC_WARN_UNINITIALIZED_AUTOS = YES_AGGRESSIVE;
				GCC_WARN_UNUSED_FUNCTION = YES;
				GCC_WARN_UNUSED_VARIABLE = YES;
				IPHONEOS_DEPLOYMENT_TARGET = 12.1;
				MTL_ENABLE_DEBUG_INFO = INCLUDE_SOURCE;
				MTL_FAST_MATH = YES;
				ONLY_ACTIVE_ARCH = YES;
				SDKROOT = iphoneos;
				SWIFT_ACTIVE_COMPILATION_CONDITIONS = DEBUG;
				SWIFT_OPTIMIZATION_LEVEL = "-Onone";
			};
			name = Debug;
		};
		FCA1694C243D28E800163D14 /* Release */ = {
			isa = XCBuildConfiguration;
			buildSettings = {
				ALWAYS_SEARCH_USER_PATHS = NO;
				CLANG_ANALYZER_NONNULL = YES;
				CLANG_ANALYZER_NUMBER_OBJECT_CONVERSION = YES_AGGRESSIVE;
				CLANG_CXX_LANGUAGE_STANDARD = "gnu++14";
				CLANG_CXX_LIBRARY = "libc++";
				CLANG_ENABLE_MODULES = YES;
				CLANG_ENABLE_OBJC_ARC = YES;
				CLANG_ENABLE_OBJC_WEAK = YES;
				CLANG_WARN_BLOCK_CAPTURE_AUTORELEASING = YES;
				CLANG_WARN_BOOL_CONVERSION = YES;
				CLANG_WARN_COMMA = YES;
				CLANG_WARN_CONSTANT_CONVERSION = YES;
				CLANG_WARN_DEPRECATED_OBJC_IMPLEMENTATIONS = YES;
				CLANG_WARN_DIRECT_OBJC_ISA_USAGE = YES_ERROR;
				CLANG_WARN_DOCUMENTATION_COMMENTS = YES;
				CLANG_WARN_EMPTY_BODY = YES;
				CLANG_WARN_ENUM_CONVERSION = YES;
				CLANG_WARN_INFINITE_RECURSION = YES;
				CLANG_WARN_INT_CONVERSION = YES;
				CLANG_WARN_NON_LITERAL_NULL_CONVERSION = YES;
				CLANG_WARN_OBJC_IMPLICIT_RETAIN_SELF = YES;
				CLANG_WARN_OBJC_LITERAL_CONVERSION = YES;
				CLANG_WARN_OBJC_ROOT_CLASS = YES_ERROR;
				CLANG_WARN_RANGE_LOOP_ANALYSIS = YES;
				CLANG_WARN_STRICT_PROTOTYPES = YES;
				CLANG_WARN_SUSPICIOUS_MOVE = YES;
				CLANG_WARN_UNGUARDED_AVAILABILITY = YES_AGGRESSIVE;
				CLANG_WARN_UNREACHABLE_CODE = YES;
				CLANG_WARN__DUPLICATE_METHOD_MATCH = YES;
				CODE_SIGN_IDENTITY = "iPhone Developer";
				COPY_PHASE_STRIP = NO;
				DEBUG_INFORMATION_FORMAT = "dwarf-with-dsym";
				ENABLE_NS_ASSERTIONS = NO;
				ENABLE_STRICT_OBJC_MSGSEND = YES;
				GCC_C_LANGUAGE_STANDARD = gnu11;
				GCC_NO_COMMON_BLOCKS = YES;
				GCC_WARN_64_TO_32_BIT_CONVERSION = YES;
				GCC_WARN_ABOUT_RETURN_TYPE = YES_ERROR;
				GCC_WARN_UNDECLARED_SELECTOR = YES;
				GCC_WARN_UNINITIALIZED_AUTOS = YES_AGGRESSIVE;
				GCC_WARN_UNUSED_FUNCTION = YES;
				GCC_WARN_UNUSED_VARIABLE = YES;
				IPHONEOS_DEPLOYMENT_TARGET = 12.1;
				MTL_ENABLE_DEBUG_INFO = NO;
				MTL_FAST_MATH = YES;
				SDKROOT = iphoneos;
				SWIFT_COMPILATION_MODE = wholemodule;
				SWIFT_OPTIMIZATION_LEVEL = "-O";
				VALIDATE_PRODUCT = YES;
			};
			name = Release;
		};
		FCA1694E243D28E800163D14 /* Debug */ = {
			isa = XCBuildConfiguration;
			baseConfigurationReference = B233B6B0979A6EE3A5D309D0 /* Pods-grocery-go.debug.xcconfig */;
			buildSettings = {
				ASSETCATALOG_COMPILER_APPICON_NAME = AppIcon;
				CODE_SIGN_STYLE = Automatic;
				INFOPLIST_FILE = "grocery-go/Info.plist";
				LD_RUNPATH_SEARCH_PATHS = (
					"$(inherited)",
					"@executable_path/Frameworks",
				);
				PRODUCT_BUNDLE_IDENTIFIER = "com.basilarif.grocery-go";
				PRODUCT_NAME = "$(TARGET_NAME)";
				SWIFT_VERSION = 4.2;
				TARGETED_DEVICE_FAMILY = "1,2";
			};
			name = Debug;
		};
		FCA1694F243D28E800163D14 /* Release */ = {
			isa = XCBuildConfiguration;
			baseConfigurationReference = EE312A92EEF0803D40F1E470 /* Pods-grocery-go.release.xcconfig */;
			buildSettings = {
				ASSETCATALOG_COMPILER_APPICON_NAME = AppIcon;
				CODE_SIGN_STYLE = Automatic;
				INFOPLIST_FILE = "grocery-go/Info.plist";
				LD_RUNPATH_SEARCH_PATHS = (
					"$(inherited)",
					"@executable_path/Frameworks",
				);
				PRODUCT_BUNDLE_IDENTIFIER = "com.basilarif.grocery-go";
				PRODUCT_NAME = "$(TARGET_NAME)";
				SWIFT_VERSION = 4.2;
				TARGETED_DEVICE_FAMILY = "1,2";
			};
			name = Release;
		};
		FCA16951243D28E800163D14 /* Debug */ = {
			isa = XCBuildConfiguration;
			buildSettings = {
				ALWAYS_EMBED_SWIFT_STANDARD_LIBRARIES = YES;
				BUNDLE_LOADER = "$(TEST_HOST)";
				CODE_SIGN_STYLE = Automatic;
				INFOPLIST_FILE = "grocery-goTests/Info.plist";
				LD_RUNPATH_SEARCH_PATHS = (
					"$(inherited)",
					"@executable_path/Frameworks",
					"@loader_path/Frameworks",
				);
				PRODUCT_BUNDLE_IDENTIFIER = "com.basilarif.grocery-goTests";
				PRODUCT_NAME = "$(TARGET_NAME)";
				SWIFT_VERSION = 4.2;
				TARGETED_DEVICE_FAMILY = "1,2";
				TEST_HOST = "$(BUILT_PRODUCTS_DIR)/grocery-go.app/grocery-go";
			};
			name = Debug;
		};
		FCA16952243D28E800163D14 /* Release */ = {
			isa = XCBuildConfiguration;
			buildSettings = {
				ALWAYS_EMBED_SWIFT_STANDARD_LIBRARIES = YES;
				BUNDLE_LOADER = "$(TEST_HOST)";
				CODE_SIGN_STYLE = Automatic;
				INFOPLIST_FILE = "grocery-goTests/Info.plist";
				LD_RUNPATH_SEARCH_PATHS = (
					"$(inherited)",
					"@executable_path/Frameworks",
					"@loader_path/Frameworks",
				);
				PRODUCT_BUNDLE_IDENTIFIER = "com.basilarif.grocery-goTests";
				PRODUCT_NAME = "$(TARGET_NAME)";
				SWIFT_VERSION = 4.2;
				TARGETED_DEVICE_FAMILY = "1,2";
				TEST_HOST = "$(BUILT_PRODUCTS_DIR)/grocery-go.app/grocery-go";
			};
			name = Release;
		};
		FCA16954243D28E800163D14 /* Debug */ = {
			isa = XCBuildConfiguration;
			buildSettings = {
				ALWAYS_EMBED_SWIFT_STANDARD_LIBRARIES = YES;
				CODE_SIGN_STYLE = Automatic;
				INFOPLIST_FILE = "grocery-goUITests/Info.plist";
				LD_RUNPATH_SEARCH_PATHS = (
					"$(inherited)",
					"@executable_path/Frameworks",
					"@loader_path/Frameworks",
				);
				PRODUCT_BUNDLE_IDENTIFIER = "com.basilarif.grocery-goUITests";
				PRODUCT_NAME = "$(TARGET_NAME)";
				SWIFT_VERSION = 4.2;
				TARGETED_DEVICE_FAMILY = "1,2";
				TEST_TARGET_NAME = "grocery-go";
			};
			name = Debug;
		};
		FCA16955243D28E800163D14 /* Release */ = {
			isa = XCBuildConfiguration;
			buildSettings = {
				ALWAYS_EMBED_SWIFT_STANDARD_LIBRARIES = YES;
				CODE_SIGN_STYLE = Automatic;
				INFOPLIST_FILE = "grocery-goUITests/Info.plist";
				LD_RUNPATH_SEARCH_PATHS = (
					"$(inherited)",
					"@executable_path/Frameworks",
					"@loader_path/Frameworks",
				);
				PRODUCT_BUNDLE_IDENTIFIER = "com.basilarif.grocery-goUITests";
				PRODUCT_NAME = "$(TARGET_NAME)";
				SWIFT_VERSION = 4.2;
				TARGETED_DEVICE_FAMILY = "1,2";
				TEST_TARGET_NAME = "grocery-go";
			};
			name = Release;
		};
/* End XCBuildConfiguration section */

/* Begin XCConfigurationList section */
		FCA16920243D28E600163D14 /* Build configuration list for PBXProject "grocery-go" */ = {
			isa = XCConfigurationList;
			buildConfigurations = (
				FCA1694B243D28E800163D14 /* Debug */,
				FCA1694C243D28E800163D14 /* Release */,
			);
			defaultConfigurationIsVisible = 0;
			defaultConfigurationName = Release;
		};
		FCA1694D243D28E800163D14 /* Build configuration list for PBXNativeTarget "grocery-go" */ = {
			isa = XCConfigurationList;
			buildConfigurations = (
				FCA1694E243D28E800163D14 /* Debug */,
				FCA1694F243D28E800163D14 /* Release */,
			);
			defaultConfigurationIsVisible = 0;
			defaultConfigurationName = Release;
		};
		FCA16950243D28E800163D14 /* Build configuration list for PBXNativeTarget "grocery-goTests" */ = {
			isa = XCConfigurationList;
			buildConfigurations = (
				FCA16951243D28E800163D14 /* Debug */,
				FCA16952243D28E800163D14 /* Release */,
			);
			defaultConfigurationIsVisible = 0;
			defaultConfigurationName = Release;
		};
		FCA16953243D28E800163D14 /* Build configuration list for PBXNativeTarget "grocery-goUITests" */ = {
			isa = XCConfigurationList;
			buildConfigurations = (
				FCA16954243D28E800163D14 /* Debug */,
				FCA16955243D28E800163D14 /* Release */,
			);
			defaultConfigurationIsVisible = 0;
			defaultConfigurationName = Release;
		};
/* End XCConfigurationList section */
	};
	rootObject = FCA1691D243D28E600163D14 /* Project object */;
}
